
Microsoft Visual Studio Solution File, Format Version 10.00
# Visual Studio 2008
Project("{8BC9CEB8-8B4A-11D0-8D11-00A0C91BC942}") = "KenneyMapEditor", "KenneyMapEditor\KenneyMapEditor.vcproj", "{A2B4DA16-1C01-4336-8206-4F80BD9D4707}"
EndProject
Global
	GlobalSection(SolutionConfigurationPlatforms) = preSolution
		Debug|Win32 = Debug|Win32
		Release|Win32 = Release|Win32
	EndGlobalSection
	GlobalSection(ProjectConfigurationPlatforms) = postSolution
		{A2B4DA16-1C01-4336-8206-4F80BD9D4707}.Debug|Win32.ActiveCfg = Debug|Win32
		{A2B4DA16-1C01-4336-8206-4F80BD9D4707}.Debug|Win32.Build.0 = Debug|Win32
		{A2B4DA16-1C01-4336-8206-4F80BD9D4707}.Release|Win32.ActiveCfg = Release|Win32
		{A2B4DA16-1C01-4336-8206-4F80BD9D4707}.Release|Win32.Build.0 = Release|Win32
	EndGlobalSection
	GlobalSection(SolutionProperties) = preSolution
		HideSolutionNode = FALSE
	EndGlobalSection
EndGlobal
